
Microsoft Visual Studio Solution File, Format Version 12.00
# Visual Studio 14
VisualStudioVersion = 14.0.22310.1
MinimumVisualStudioVersion = 10.0.40219.1
Project("{FAE04EC0-301F-11D3-BF4B-00C04F79EFBC}") = "ACM.BusinessLayer", "ACM.BusinessLayer\ACM.BusinessLayer.csproj", "{B01A8302-E660-436F-9F0F-1F8CDA5D9CE5}"
EndProject
Project("{FAE04EC0-301F-11D3-BF4B-00C04F79EFBC}") = "ACM.Application", "ACM.Application\ACM.Application.csproj", "{C78E6EE3-0E2E-47B7-ACE6-8FC8D6A5CA0D}"
EndProject
Project("{FAE04EC0-301F-11D3-BF4B-00C04F79EFBC}") = "Core.Common", "Core.Common\Core.Common.csproj", "{2124B298-B427-49DA-B50E-68272F839D7D}"
EndProject
Global
	GlobalSection(SolutionConfigurationPlatforms) = preSolution
		Debug|Any CPU = Debug|Any CPU
		Release|Any CPU = Release|Any CPU
	EndGlobalSection
	GlobalSection(ProjectConfigurationPlatforms) = postSolution
		{B01A8302-E660-436F-9F0F-1F8CDA5D9CE5}.Debug|Any CPU.ActiveCfg = Debug|Any CPU
		{B01A8302-E660-436F-9F0F-1F8CDA5D9CE5}.Debug|Any CPU.Build.0 = Debug|Any CPU
		{B01A8302-E660-436F-9F0F-1F8CDA5D9CE5}.Release|Any CPU.ActiveCfg = Release|Any CPU
		{B01A8302-E660-436F-9F0F-1F8CDA5D9CE5}.Release|Any CPU.Build.0 = Release|Any CPU
		{C78E6EE3-0E2E-47B7-ACE6-8FC8D6A5CA0D}.Debug|Any CPU.ActiveCfg = Debug|Any CPU
		{C78E6EE3-0E2E-47B7-ACE6-8FC8D6A5CA0D}.Debug|Any CPU.Build.0 = Debug|Any CPU
		{C78E6EE3-0E2E-47B7-ACE6-8FC8D6A5CA0D}.Release|Any CPU.ActiveCfg = Release|Any CPU
		{C78E6EE3-0E2E-47B7-ACE6-8FC8D6A5CA0D}.Release|Any CPU.Build.0 = Release|Any CPU
		{2124B298-B427-49DA-B50E-68272F839D7D}.Debug|Any CPU.ActiveCfg = Debug|Any CPU
		{2124B298-B427-49DA-B50E-68272F839D7D}.Debug|Any CPU.Build.0 = Debug|Any CPU
		{2124B298-B427-49DA-B50E-68272F839D7D}.Release|Any CPU.ActiveCfg = Release|Any CPU
		{2124B298-B427-49DA-B50E-68272F839D7D}.Release|Any CPU.Build.0 = Release|Any CPU
	EndGlobalSection
	GlobalSection(SolutionProperties) = preSolution
		HideSolutionNode = FALSE
	EndGlobalSection
EndGlobal
